<?xml version="1.0" encoding="utf-8"?>
<Project ToolsVersion="4.0" xmlns="http://schemas.microsoft.com/developer/msbuild/2003">
  <ItemGroup>
    <Filter Include="Engine">
      <UniqueIdentifier>{b2503da5-492b-4a14-9f1f-03e875dc0d8d}</UniqueIdentifier>
    </Filter>
    <Filter Include="Game">
      <UniqueIdentifier>{31a737eb-978a-4995-8aa0-1c92ef283031}</UniqueIdentifier>
    </Filter>
    <Filter Include="Engine\WindowSystem">
      <UniqueIdentifier>{c0c613fa-b004-43c7-9238-e74fd1dd505a}</UniqueIdentifier>
    </Filter>
    <Filter Include="Engine\GraphicsEngine">
      <UniqueIdentifier>{2e2885ca-3000-439f-83a9-dbeed1a9e466}</UniqueIdentifier>
    </Filter>
    <Filter Include="Engine\GraphicsEngine\SwapChain">
      <UniqueIdentifier>{e3811515-1015-407f-a988-9426e259790e}</UniqueIdentifier>
    </Filter>
    <Filter Include="Engine\GraphicsEngine\DeviceContext">
      <UniqueIdentifier>{2b07dbd3-5e88-4c44-b4a5-efa180082190}</UniqueIdentifier>
    </Filter>
    <Filter Include="Engine\GraphicsEngine\VertexBuffer">
      <UniqueIdentifier>{58d17551-589f-4bd1-996e-1500c86e50fb}</UniqueIdentifier>
    </Filter>
    <Filter Include="Engine\GraphicsEngine\VertexShader">
      <UniqueIdentifier>{c014d688-31eb-4464-aac3-fda15de4552c}</UniqueIdentifier>
    </Filter>
    <Filter Include="Game\Shaders">
      <UniqueIdentifier>{b136aaf2-0e75-4a42-94db-c869140803f1}</UniqueIdentifier>
    </Filter>
    <Filter Include="Engine\GraphicsEngine\PixelShader">
      <UniqueIdentifier>{83cb771f-b103-4651-885f-6fc661b04112}</UniqueIdentifier>
    </Filter>
    <Filter Include="Engine\GraphicsEngine\ConstantBuffer">
      <UniqueIdentifier>{84fb7bfe-4e4b-44a3-85b7-600296c0dac5}</UniqueIdentifier>
    </Filter>
    <Filter Include="Engine\Math">
      <UniqueIdentifier>{eef8468a-a717-436f-951f-b782723d52e0}</UniqueIdentifier>
    </Filter>
    <Filter Include="Engine\GraphicsEngine\IndexBuffer">
      <UniqueIdentifier>{507f8575-05a4-435b-b5c7-09dd0b1552b2}</UniqueIdentifier>
    </Filter>
  </ItemGroup>
  <ItemGroup>
    <ClCompile Include="Source\Game\AppWindow.cpp">
      <Filter>Game</Filter>
    </ClCompile>
    <ClCompile Include="Source\Game\main.cpp">
      <Filter>Game</Filter>
    </ClCompile>
    <ClCompile Include="Source\Engine\Window.cpp">
      <Filter>Engine\WindowSystem</Filter>
    </ClCompile>
    <ClCompile Include="Source\Engine\GraphicsEngine.cpp">
      <Filter>Engine\GraphicsEngine</Filter>
    </ClCompile>
    <ClCompile Include="Source\Engine\SwapChain.cpp">
      <Filter>Engine\GraphicsEngine\SwapChain</Filter>
    </ClCompile>
    <ClCompile Include="Source\Engine\DeviceContext.cpp">
      <Filter>Engine\GraphicsEngine\DeviceContext</Filter>
    </ClCompile>
    <ClCompile Include="Source\Engine\VertexBuffer.cpp">
      <Filter>Engine\GraphicsEngine\VertexBuffer</Filter>
    </ClCompile>
    <ClCompile Include="Source\Engine\VertexShader.cpp">
      <Filter>Engine\GraphicsEngine\VertexShader</Filter>
    </ClCompile>
    <ClCompile Include="Source\Engine\PixelShader.cpp">
      <Filter>Engine\GraphicsEngine\PixelShader</Filter>
    </ClCompile>
    <ClCompile Include="Source\Engine\ConstantBuffer.cpp">
      <Filter>Engine\GraphicsEngine\ConstantBuffer</Filter>
    </ClCompile>
    <ClCompile Include="Source\Engine\IndexBuffer.cpp">
      <Filter>Engine\GraphicsEngine\IndexBuffer</Filter>
    </ClCompile>
  </ItemGroup>
  <ItemGroup>
    <ClInclude Include="Source\Game\AppWindow.h">
      <Filter>Game</Filter>
    </ClInclude>
    <ClInclude Include="Source\Engine\Window.h">
      <Filter>Engine\WindowSystem</Filter>
    </ClInclude>
    <ClInclude Include="Source\Engine\GraphicsEngine.h">
      <Filter>Engine\GraphicsEngine</Filter>
    </ClInclude>
    <ClInclude Include="Source\Engine\SwapChain.h">
      <Filter>Engine\GraphicsEngine\SwapChain</Filter>
    </ClInclude>
    <ClInclude Include="Source\Engine\DeviceContext.h">
      <Filter>Engine\GraphicsEngine\DeviceContext</Filter>
    </ClInclude>
    <ClInclude Include="Source\Engine\VertexBuffer.h">
      <Filter>Engine\GraphicsEngine\VertexBuffer</Filter>
    </ClInclude>
    <ClInclude Include="Source\Engine\VertexShader.h">
      <Filter>Engine\GraphicsEngine\VertexShader</Filter>
    </ClInclude>
    <ClInclude Include="Source\Engine\PixelShader.h">
      <Filter>Engine\GraphicsEngine\PixelShader</Filter>
    </ClInclude>
    <ClInclude Include="Source\Engine\ConstantBuffer.h">
      <Filter>Engine\GraphicsEngine\ConstantBuffer</Filter>
    </ClInclude>
    <ClInclude Include="Source\Engine\Vector3.h">
      <Filter>Engine\Math</Filter>
    </ClInclude>
    <ClInclude Include="Source\Engine\Matrix4x4.h">
      <Filter>Engine\Math</Filter>
    </ClInclude>
    <ClInclude Include="Source\Engine\IndexBuffer.h">
      <Filter>Engine\GraphicsEngine\IndexBuffer</Filter>
    </ClInclude>
  </ItemGroup>
  <ItemGroup>
    <FxCompile Include="Source\Shaders\VertexShader.hlsl">
      <Filter>Game\Shaders</Filter>
    </FxCompile>
    <FxCompile Include="Source\Shaders\PixelShader.hlsl">
      <Filter>Game\Shaders</Filter>
    </FxCompile>
  </ItemGroup>
</Project>