<?xml version="1.0" encoding="utf-8"?>
<Project ToolsVersion="4.0" xmlns="http://schemas.microsoft.com/developer/msbuild/2003">
  <ItemGroup>
    <Filter Include="Engine">
      <UniqueIdentifier>{b2503da5-492b-4a14-9f1f-03e875dc0d8d}</UniqueIdentifier>
    </Filter>
    <Filter Include="Game">
      <UniqueIdentifier>{31a737eb-978a-4995-8aa0-1c92ef283031}</UniqueIdentifier>
    </Filter>
    <Filter Include="Engine\WindowSystem">
      <UniqueIdentifier>{c0c613fa-b004-43c7-9238-e74fd1dd505a}</UniqueIdentifier>
    </Filter>
    <Filter Include="Engine\GraphicsEngine">
      <UniqueIdentifier>{2e2885ca-3000-439f-83a9-dbeed1a9e466}</UniqueIdentifier>
    </Filter>
    <Filter Include="Engine\GraphicsEngine\SwapChain">
      <UniqueIdentifier>{e3811515-1015-407f-a988-9426e259790e}</UniqueIdentifier>
    </Filter>
    <Filter Include="Engine\GraphicsEngine\DeviceContext">
      <UniqueIdentifier>{2b07dbd3-5e88-4c44-b4a5-efa180082190}</UniqueIdentifier>
    </Filter>
  </ItemGroup>
  <ItemGroup>
    <ClCompile Include="Source\Game\AppWindow.cpp">
      <Filter>Game</Filter>
    </ClCompile>
    <ClCompile Include="Source\Game\main.cpp">
      <Filter>Game</Filter>
    </ClCompile>
    <ClCompile Include="Source\Engine\Window.cpp">
      <Filter>Engine\WindowSystem</Filter>
    </ClCompile>
    <ClCompile Include="Source\Engine\GraphicsEngine.cpp">
      <Filter>Engine\GraphicsEngine</Filter>
    </ClCompile>
    <ClCompile Include="Source\Engine\SwapChain.cpp">
      <Filter>Engine\GraphicsEngine\SwapChain</Filter>
    </ClCompile>
    <ClCompile Include="Source\Engine\DeviceContext.cpp">
      <Filter>Engine\GraphicsEngine\DeviceContext</Filter>
    </ClCompile>
  </ItemGroup>
  <ItemGroup>
    <ClInclude Include="Source\Game\AppWindow.h">
      <Filter>Game</Filter>
    </ClInclude>
    <ClInclude Include="Source\Engine\Window.h">
      <Filter>Engine\WindowSystem</Filter>
    </ClInclude>
    <ClInclude Include="Source\Engine\GraphicsEngine.h">
      <Filter>Engine\GraphicsEngine</Filter>
    </ClInclude>
    <ClInclude Include="Source\Engine\SwapChain.h">
      <Filter>Engine\GraphicsEngine\SwapChain</Filter>
    </ClInclude>
    <ClInclude Include="Source\Engine\DeviceContext.h">
      <Filter>Engine\GraphicsEngine\DeviceContext</Filter>
    </ClInclude>
  </ItemGroup>
</Project>